
Microsoft Visual Studio Solution File, Format Version 12.00
# Visual Studio 15
VisualStudioVersion = 15.0.26228.12
MinimumVisualStudioVersion = 10.0.40219.1
Project("{FAE04EC0-301F-11D3-BF4B-00C04F79EFBC}") = "Napominanie", "Napominanie\Napominanie.csproj", "{C5A58982-D2B9-40DF-A6C9-5ED66D50614A}"
EndProject
Project("{FAE04EC0-301F-11D3-BF4B-00C04F79EFBC}") = "Ping-Ping", "Ping-Ping\Ping-Ping.csproj", "{127A0ADA-CBA5-40BF-99C3-841D0AE6EE4B}"
EndProject
Project("{FAE04EC0-301F-11D3-BF4B-00C04F79EFBC}") = "good_group", "good_group\good_group.csproj", "{6826B4D2-0D52-4474-B45B-2968F3EC4A24}"
EndProject
Project("{FAE04EC0-301F-11D3-BF4B-00C04F79EFBC}") = "Sokrashenie", "Sokrashenie\Sokrashenie.csproj", "{AAD19963-7CCA-4AE1-8D35-F63CCF4CB746}"
EndProject
Global
	GlobalSection(SolutionConfigurationPlatforms) = preSolution
		Debug|Any CPU = Debug|Any CPU
		Release|Any CPU = Release|Any CPU
	EndGlobalSection
	GlobalSection(ProjectConfigurationPlatforms) = postSolution
		{C5A58982-D2B9-40DF-A6C9-5ED66D50614A}.Debug|Any CPU.ActiveCfg = Debug|Any CPU
		{C5A58982-D2B9-40DF-A6C9-5ED66D50614A}.Debug|Any CPU.Build.0 = Debug|Any CPU
		{C5A58982-D2B9-40DF-A6C9-5ED66D50614A}.Release|Any CPU.ActiveCfg = Release|Any CPU
		{C5A58982-D2B9-40DF-A6C9-5ED66D50614A}.Release|Any CPU.Build.0 = Release|Any CPU
		{127A0ADA-CBA5-40BF-99C3-841D0AE6EE4B}.Debug|Any CPU.ActiveCfg = Debug|Any CPU
		{127A0ADA-CBA5-40BF-99C3-841D0AE6EE4B}.Debug|Any CPU.Build.0 = Debug|Any CPU
		{127A0ADA-CBA5-40BF-99C3-841D0AE6EE4B}.Release|Any CPU.ActiveCfg = Release|Any CPU
		{127A0ADA-CBA5-40BF-99C3-841D0AE6EE4B}.Release|Any CPU.Build.0 = Release|Any CPU
		{6826B4D2-0D52-4474-B45B-2968F3EC4A24}.Debug|Any CPU.ActiveCfg = Debug|Any CPU
		{6826B4D2-0D52-4474-B45B-2968F3EC4A24}.Debug|Any CPU.Build.0 = Debug|Any CPU
		{6826B4D2-0D52-4474-B45B-2968F3EC4A24}.Release|Any CPU.ActiveCfg = Release|Any CPU
		{6826B4D2-0D52-4474-B45B-2968F3EC4A24}.Release|Any CPU.Build.0 = Release|Any CPU
		{AAD19963-7CCA-4AE1-8D35-F63CCF4CB746}.Debug|Any CPU.ActiveCfg = Debug|Any CPU
		{AAD19963-7CCA-4AE1-8D35-F63CCF4CB746}.Debug|Any CPU.Build.0 = Debug|Any CPU
		{AAD19963-7CCA-4AE1-8D35-F63CCF4CB746}.Release|Any CPU.ActiveCfg = Release|Any CPU
		{AAD19963-7CCA-4AE1-8D35-F63CCF4CB746}.Release|Any CPU.Build.0 = Release|Any CPU
	EndGlobalSection
	GlobalSection(SolutionProperties) = preSolution
		HideSolutionNode = FALSE
	EndGlobalSection
EndGlobal
